("quicklisp" .
 (:class qlot/source/dist:source-dist
  :initargs (:distribution "https://beta.quicklisp.org/dist/quicklisp.txt" :%version :latest)
  :version "2024-10-12"))
("mito" .
 (:class qlot/source/github:source-github
  :initargs (:repos "daninus14/mito" :ref nil :branch nil :tag nil)
  :version "github-90e638b3768634fce60181d5fe72750309ae8db8"))
("log4sly" .
 (:class qlot/source/github:source-github
  :initargs (:repos "40ants/log4sly" :ref nil :branch nil :tag nil)
  :version "github-b229658c7fa8a8ff62cddd832e812cda96b50df6"))
("log4cl" .
 (:class qlot/source/github:source-github
  :initargs (:repos "sharplispers/log4cl" :ref nil :branch nil :tag nil)
  :version "github-fe3da517147d023029782ced7cd989ba24f1e62d"))
